
Microsoft Visual Studio Solution File, Format Version 12.00
# Visual Studio 2012
Project("{FAE04EC0-301F-11D3-BF4B-00C04F79EFBC}") = "Corporate.VoiceRecorder.Controller", "Corporate.VoiceRecorder.Controller\Corporate.VoiceRecorder.Controller.csproj", "{BCD9AE20-29E0-48DE-B326-3C82B373A7CC}"
EndProject
Global
	GlobalSection(SolutionConfigurationPlatforms) = preSolution
		Debug|Any CPU = Debug|Any CPU
		Release|Any CPU = Release|Any CPU
	EndGlobalSection
	GlobalSection(ProjectConfigurationPlatforms) = postSolution
		{BCD9AE20-29E0-48DE-B326-3C82B373A7CC}.Debug|Any CPU.ActiveCfg = Debug|Any CPU
		{BCD9AE20-29E0-48DE-B326-3C82B373A7CC}.Debug|Any CPU.Build.0 = Debug|Any CPU
		{BCD9AE20-29E0-48DE-B326-3C82B373A7CC}.Release|Any CPU.ActiveCfg = Release|Any CPU
		{BCD9AE20-29E0-48DE-B326-3C82B373A7CC}.Release|Any CPU.Build.0 = Release|Any CPU
	EndGlobalSection
	GlobalSection(SolutionProperties) = preSolution
		HideSolutionNode = FALSE
	EndGlobalSection
EndGlobal
